{
  "name": "globiojs-site-pro-icons",
  "version": "0.0.0",
  "lockfileVersion": 3,
  "requires": true,
  "packages": {
    "": {
      "name": "globiojs-site-pro-icons",
      "private": true,
      "version": "0.0.0",
      "dependencies": {
        "@fortawesome/sharp-duotone-solid-svg-icons": "7.2.0",
        "@fortawesome/sharp-solid-svg-icons": "7.2.0"
      }
    },
    "node_modules/@fortawesome/fontawesome-common-types": {
      "version": "7.2.0",
      "integrity": "sha512-IpR0bER9FY25p+e7BmFH25MZKEwFHTfRAfhOyJubgiDnoJNsSvJ7nigLraHtp4VOG/cy8D7uiV0dLkHOne5Fhw==",
      "engines": {
        "node": ">=6"
      }
    },
    "node_modules/@fortawesome/sharp-duotone-solid-svg-icons": {
      "version": "7.2.0",
      "integrity": "sha512-lhk4wen6fmHuxDgOkcfTWXNXGdKDThR7EJtTrBtyd/pjXuDzOUmlO95CMCZMHOaqo/Xxa7hyl32Pep171DN0vQ==",
      "engines": {
        "node": ">=6"
      },
      "dependencies": {
        "@fortawesome/fontawesome-common-types": "7.2.0"
      }
    },
    "node_modules/@fortawesome/sharp-solid-svg-icons": {
      "version": "7.2.0",
      "integrity": "sha512-suIIkT36ipgRO2xvaft9xAHJDa8K3vUSpP3YTH1fxJHkTUWILnvH7NNFvS6OQVBB8B6j0YpthO4tOyA/IMzlew==",
      "engines": {
        "node": ">=6"
      },
      "dependencies": {
        "@fortawesome/fontawesome-common-types": "7.2.0"
      }
    }
  }
}
